
Microsoft Visual Studio Solution File, Format Version 12.00
# Visual Studio Version 17
VisualStudioVersion = 17.12.35521.163
MinimumVisualStudioVersion = 10.0.40219.1
Project("{FAE04EC0-301F-11D3-BF4B-00C04F79EFBC}") = "L.IntegrationEventLog.EF", "src\L.IntegrationEventLog.EF\L.IntegrationEventLog.EF.csproj", "{746F5625-DE44-40B0-ACEA-1E82F85806E9}"
EndProject
Project("{2150E333-8FDC-42A3-9474-1A3956D46DE8}") = "src", "src", "{9CC97928-42A7-4153-AF80-4251A387894D}"
EndProject
Project("{2150E333-8FDC-42A3-9474-1A3956D46DE8}") = "Элементы решения", "Элементы решения", "{7668EE91-E267-4086-827C-E5B11A5B5182}"
	ProjectSection(SolutionItems) = preProject
		nuget.config = nuget.config
	EndProjectSection
EndProject
Global
	GlobalSection(SolutionConfigurationPlatforms) = preSolution
		Debug|Any CPU = Debug|Any CPU
		Release|Any CPU = Release|Any CPU
	EndGlobalSection
	GlobalSection(ProjectConfigurationPlatforms) = postSolution
		{746F5625-DE44-40B0-ACEA-1E82F85806E9}.Debug|Any CPU.ActiveCfg = Debug|Any CPU
		{746F5625-DE44-40B0-ACEA-1E82F85806E9}.Debug|Any CPU.Build.0 = Debug|Any CPU
		{746F5625-DE44-40B0-ACEA-1E82F85806E9}.Release|Any CPU.ActiveCfg = Release|Any CPU
		{746F5625-DE44-40B0-ACEA-1E82F85806E9}.Release|Any CPU.Build.0 = Release|Any CPU
	EndGlobalSection
	GlobalSection(SolutionProperties) = preSolution
		HideSolutionNode = FALSE
	EndGlobalSection
	GlobalSection(NestedProjects) = preSolution
		{746F5625-DE44-40B0-ACEA-1E82F85806E9} = {9CC97928-42A7-4153-AF80-4251A387894D}
	EndGlobalSection
EndGlobal
